{"packages":{"presentation":{"version":"0.0.0","source":"git","description":{"url":"https://github.com/StephenLujan/presentation.dart","ref":null,"resolved-ref":"d44c220d347518a061d5bc9b822a55ef3d3856ac"}},"xml":{"version":"0.1.1","source":"git","description":{"url":"https://github.com/prujohn/dart-xml.git","ref":null,"resolved-ref":"0a08796dbc91e21be5f414fb2697384c77c84f6c"}},"unittest":{"version":"0.0.0-r.14493","source":"sdk","description":"unittest"}}}