{"packages":{"presentation":{"version":"0.0.0","source":"git","description":{"url":"https://github.com/StephenLujan/presentation.dart","ref":null,"resolved-ref":"00013496920d41e94221b766942b58271663917c"}},"xml":{"version":"0.1.1","source":"git","description":{"url":"https://github.com/prujohn/dart-xml.git","ref":null,"resolved-ref":"b4c2bcd9d01aca942ffb7fc5a7f6ca9a889e905b"}},"unittest":{"version":"0.0.0-r.14493","source":"sdk","description":"unittest"}}}